
Microsoft Visual Studio Solution File, Format Version 12.00
# Visual Studio Version 16
VisualStudioVersion = 16.0.32106.194
MinimumVisualStudioVersion = 10.0.40219.1
Project("{8BC9CEB8-8B4A-11D0-8D11-00A0C91BC942}") = "chapter02-1", "chapter02-1\chapter02-1.vcxproj", "{9DF9D237-D269-4869-8FE6-9BABBDCB80F3}"
EndProject
Project("{8BC9CEB8-8B4A-11D0-8D11-00A0C91BC942}") = "chapter02-2", "chapter02-2\chapter02-2.vcxproj", "{75694CBF-9A64-4DDF-B858-8A27E551A42F}"
EndProject
Project("{8BC9CEB8-8B4A-11D0-8D11-00A0C91BC942}") = "chapter02-3", "chapter02-3\chapter02-3.vcxproj", "{CC55A4CA-5B93-4726-8CE8-7212C1C771D3}"
EndProject
Project("{8BC9CEB8-8B4A-11D0-8D11-00A0C91BC942}") = "chapter02-4", "chapter02-4\chapter02-4.vcxproj", "{F7A711EF-C3B3-476F-8DE6-F938A7C68DF8}"
EndProject
Project("{8BC9CEB8-8B4A-11D0-8D11-00A0C91BC942}") = "chapter02-5", "chapter02-5\chapter02-5.vcxproj", "{880323BF-5847-48AA-BE1F-A6633965098C}"
EndProject
Global
	GlobalSection(SolutionConfigurationPlatforms) = preSolution
		Debug|x64 = Debug|x64
		Debug|x86 = Debug|x86
		Release|x64 = Release|x64
		Release|x86 = Release|x86
	EndGlobalSection
	GlobalSection(ProjectConfigurationPlatforms) = postSolution
		{9DF9D237-D269-4869-8FE6-9BABBDCB80F3}.Debug|x64.ActiveCfg = Debug|x64
		{9DF9D237-D269-4869-8FE6-9BABBDCB80F3}.Debug|x64.Build.0 = Debug|x64
		{9DF9D237-D269-4869-8FE6-9BABBDCB80F3}.Debug|x86.ActiveCfg = Debug|Win32
		{9DF9D237-D269-4869-8FE6-9BABBDCB80F3}.Debug|x86.Build.0 = Debug|Win32
		{9DF9D237-D269-4869-8FE6-9BABBDCB80F3}.Release|x64.ActiveCfg = Release|x64
		{9DF9D237-D269-4869-8FE6-9BABBDCB80F3}.Release|x64.Build.0 = Release|x64
		{9DF9D237-D269-4869-8FE6-9BABBDCB80F3}.Release|x86.ActiveCfg = Release|Win32
		{9DF9D237-D269-4869-8FE6-9BABBDCB80F3}.Release|x86.Build.0 = Release|Win32
		{75694CBF-9A64-4DDF-B858-8A27E551A42F}.Debug|x64.ActiveCfg = Debug|x64
		{75694CBF-9A64-4DDF-B858-8A27E551A42F}.Debug|x64.Build.0 = Debug|x64
		{75694CBF-9A64-4DDF-B858-8A27E551A42F}.Debug|x86.ActiveCfg = Debug|Win32
		{75694CBF-9A64-4DDF-B858-8A27E551A42F}.Debug|x86.Build.0 = Debug|Win32
		{75694CBF-9A64-4DDF-B858-8A27E551A42F}.Release|x64.ActiveCfg = Release|x64
		{75694CBF-9A64-4DDF-B858-8A27E551A42F}.Release|x64.Build.0 = Release|x64
		{75694CBF-9A64-4DDF-B858-8A27E551A42F}.Release|x86.ActiveCfg = Release|Win32
		{75694CBF-9A64-4DDF-B858-8A27E551A42F}.Release|x86.Build.0 = Release|Win32
		{CC55A4CA-5B93-4726-8CE8-7212C1C771D3}.Debug|x64.ActiveCfg = Debug|x64
		{CC55A4CA-5B93-4726-8CE8-7212C1C771D3}.Debug|x64.Build.0 = Debug|x64
		{CC55A4CA-5B93-4726-8CE8-7212C1C771D3}.Debug|x86.ActiveCfg = Debug|Win32
		{CC55A4CA-5B93-4726-8CE8-7212C1C771D3}.Debug|x86.Build.0 = Debug|Win32
		{CC55A4CA-5B93-4726-8CE8-7212C1C771D3}.Release|x64.ActiveCfg = Release|x64
		{CC55A4CA-5B93-4726-8CE8-7212C1C771D3}.Release|x64.Build.0 = Release|x64
		{CC55A4CA-5B93-4726-8CE8-7212C1C771D3}.Release|x86.ActiveCfg = Release|Win32
		{CC55A4CA-5B93-4726-8CE8-7212C1C771D3}.Release|x86.Build.0 = Release|Win32
		{F7A711EF-C3B3-476F-8DE6-F938A7C68DF8}.Debug|x64.ActiveCfg = Debug|x64
		{F7A711EF-C3B3-476F-8DE6-F938A7C68DF8}.Debug|x64.Build.0 = Debug|x64
		{F7A711EF-C3B3-476F-8DE6-F938A7C68DF8}.Debug|x86.ActiveCfg = Debug|Win32
		{F7A711EF-C3B3-476F-8DE6-F938A7C68DF8}.Debug|x86.Build.0 = Debug|Win32
		{F7A711EF-C3B3-476F-8DE6-F938A7C68DF8}.Release|x64.ActiveCfg = Release|x64
		{F7A711EF-C3B3-476F-8DE6-F938A7C68DF8}.Release|x64.Build.0 = Release|x64
		{F7A711EF-C3B3-476F-8DE6-F938A7C68DF8}.Release|x86.ActiveCfg = Release|Win32
		{F7A711EF-C3B3-476F-8DE6-F938A7C68DF8}.Release|x86.Build.0 = Release|Win32
		{880323BF-5847-48AA-BE1F-A6633965098C}.Debug|x64.ActiveCfg = Debug|x64
		{880323BF-5847-48AA-BE1F-A6633965098C}.Debug|x64.Build.0 = Debug|x64
		{880323BF-5847-48AA-BE1F-A6633965098C}.Debug|x86.ActiveCfg = Debug|Win32
		{880323BF-5847-48AA-BE1F-A6633965098C}.Debug|x86.Build.0 = Debug|Win32
		{880323BF-5847-48AA-BE1F-A6633965098C}.Release|x64.ActiveCfg = Release|x64
		{880323BF-5847-48AA-BE1F-A6633965098C}.Release|x64.Build.0 = Release|x64
		{880323BF-5847-48AA-BE1F-A6633965098C}.Release|x86.ActiveCfg = Release|Win32
		{880323BF-5847-48AA-BE1F-A6633965098C}.Release|x86.Build.0 = Release|Win32
	EndGlobalSection
	GlobalSection(SolutionProperties) = preSolution
		HideSolutionNode = FALSE
	EndGlobalSection
	GlobalSection(ExtensibilityGlobals) = postSolution
		SolutionGuid = {E26503BE-964A-48DC-A68D-8B6E3A7DA919}
	EndGlobalSection
EndGlobal
