
Microsoft Visual Studio Solution File, Format Version 12.00
# Visual Studio Version 16
VisualStudioVersion = 16.0.32106.194
MinimumVisualStudioVersion = 10.0.40219.1
Project("{8BC9CEB8-8B4A-11D0-8D11-00A0C91BC942}") = "chapter01-2", "chapter01-2\chapter01-2.vcxproj", "{11DD48B7-DFB3-4D9B-90F1-623E28A3106F}"
EndProject
Project("{8BC9CEB8-8B4A-11D0-8D11-00A0C91BC942}") = "chapter01-1", "chapter01-1\chapter01-1.vcxproj", "{30162528-9A0F-42AD-8A6C-A054AFE9516F}"
EndProject
Project("{8BC9CEB8-8B4A-11D0-8D11-00A0C91BC942}") = "chapter01-3", "chapter01-3\chapter01-3.vcxproj", "{71DCBD7A-2A8C-4076-A74F-46B783D0822C}"
EndProject
Project("{8BC9CEB8-8B4A-11D0-8D11-00A0C91BC942}") = "chapter01-4", "chapter01-4\chapter01-4.vcxproj", "{72FBAC4A-EA67-4AB4-A692-B449AB6880BC}"
EndProject
Project("{8BC9CEB8-8B4A-11D0-8D11-00A0C91BC942}") = "chapter01-5", "chapter01-5\chapter01-5.vcxproj", "{53CBC9BB-40CA-406A-AC38-C8D8B23BCD71}"
EndProject
Global
	GlobalSection(SolutionConfigurationPlatforms) = preSolution
		Debug|x64 = Debug|x64
		Debug|x86 = Debug|x86
		Release|x64 = Release|x64
		Release|x86 = Release|x86
	EndGlobalSection
	GlobalSection(ProjectConfigurationPlatforms) = postSolution
		{11DD48B7-DFB3-4D9B-90F1-623E28A3106F}.Debug|x64.ActiveCfg = Debug|x64
		{11DD48B7-DFB3-4D9B-90F1-623E28A3106F}.Debug|x64.Build.0 = Debug|x64
		{11DD48B7-DFB3-4D9B-90F1-623E28A3106F}.Debug|x86.ActiveCfg = Debug|Win32
		{11DD48B7-DFB3-4D9B-90F1-623E28A3106F}.Debug|x86.Build.0 = Debug|Win32
		{11DD48B7-DFB3-4D9B-90F1-623E28A3106F}.Release|x64.ActiveCfg = Release|x64
		{11DD48B7-DFB3-4D9B-90F1-623E28A3106F}.Release|x64.Build.0 = Release|x64
		{11DD48B7-DFB3-4D9B-90F1-623E28A3106F}.Release|x86.ActiveCfg = Release|Win32
		{11DD48B7-DFB3-4D9B-90F1-623E28A3106F}.Release|x86.Build.0 = Release|Win32
		{30162528-9A0F-42AD-8A6C-A054AFE9516F}.Debug|x64.ActiveCfg = Debug|x64
		{30162528-9A0F-42AD-8A6C-A054AFE9516F}.Debug|x64.Build.0 = Debug|x64
		{30162528-9A0F-42AD-8A6C-A054AFE9516F}.Debug|x86.ActiveCfg = Debug|Win32
		{30162528-9A0F-42AD-8A6C-A054AFE9516F}.Debug|x86.Build.0 = Debug|Win32
		{30162528-9A0F-42AD-8A6C-A054AFE9516F}.Release|x64.ActiveCfg = Release|x64
		{30162528-9A0F-42AD-8A6C-A054AFE9516F}.Release|x64.Build.0 = Release|x64
		{30162528-9A0F-42AD-8A6C-A054AFE9516F}.Release|x86.ActiveCfg = Release|Win32
		{30162528-9A0F-42AD-8A6C-A054AFE9516F}.Release|x86.Build.0 = Release|Win32
		{71DCBD7A-2A8C-4076-A74F-46B783D0822C}.Debug|x64.ActiveCfg = Debug|x64
		{71DCBD7A-2A8C-4076-A74F-46B783D0822C}.Debug|x64.Build.0 = Debug|x64
		{71DCBD7A-2A8C-4076-A74F-46B783D0822C}.Debug|x86.ActiveCfg = Debug|Win32
		{71DCBD7A-2A8C-4076-A74F-46B783D0822C}.Debug|x86.Build.0 = Debug|Win32
		{71DCBD7A-2A8C-4076-A74F-46B783D0822C}.Release|x64.ActiveCfg = Release|x64
		{71DCBD7A-2A8C-4076-A74F-46B783D0822C}.Release|x64.Build.0 = Release|x64
		{71DCBD7A-2A8C-4076-A74F-46B783D0822C}.Release|x86.ActiveCfg = Release|Win32
		{71DCBD7A-2A8C-4076-A74F-46B783D0822C}.Release|x86.Build.0 = Release|Win32
		{72FBAC4A-EA67-4AB4-A692-B449AB6880BC}.Debug|x64.ActiveCfg = Debug|x64
		{72FBAC4A-EA67-4AB4-A692-B449AB6880BC}.Debug|x64.Build.0 = Debug|x64
		{72FBAC4A-EA67-4AB4-A692-B449AB6880BC}.Debug|x86.ActiveCfg = Debug|Win32
		{72FBAC4A-EA67-4AB4-A692-B449AB6880BC}.Debug|x86.Build.0 = Debug|Win32
		{72FBAC4A-EA67-4AB4-A692-B449AB6880BC}.Release|x64.ActiveCfg = Release|x64
		{72FBAC4A-EA67-4AB4-A692-B449AB6880BC}.Release|x64.Build.0 = Release|x64
		{72FBAC4A-EA67-4AB4-A692-B449AB6880BC}.Release|x86.ActiveCfg = Release|Win32
		{72FBAC4A-EA67-4AB4-A692-B449AB6880BC}.Release|x86.Build.0 = Release|Win32
		{53CBC9BB-40CA-406A-AC38-C8D8B23BCD71}.Debug|x64.ActiveCfg = Debug|x64
		{53CBC9BB-40CA-406A-AC38-C8D8B23BCD71}.Debug|x64.Build.0 = Debug|x64
		{53CBC9BB-40CA-406A-AC38-C8D8B23BCD71}.Debug|x86.ActiveCfg = Debug|Win32
		{53CBC9BB-40CA-406A-AC38-C8D8B23BCD71}.Debug|x86.Build.0 = Debug|Win32
		{53CBC9BB-40CA-406A-AC38-C8D8B23BCD71}.Release|x64.ActiveCfg = Release|x64
		{53CBC9BB-40CA-406A-AC38-C8D8B23BCD71}.Release|x64.Build.0 = Release|x64
		{53CBC9BB-40CA-406A-AC38-C8D8B23BCD71}.Release|x86.ActiveCfg = Release|Win32
		{53CBC9BB-40CA-406A-AC38-C8D8B23BCD71}.Release|x86.Build.0 = Release|Win32
	EndGlobalSection
	GlobalSection(SolutionProperties) = preSolution
		HideSolutionNode = FALSE
	EndGlobalSection
	GlobalSection(ExtensibilityGlobals) = postSolution
		SolutionGuid = {1E8E84B7-8616-40C4-ABD3-B39FF61B0D28}
	EndGlobalSection
EndGlobal
